{"filter":false,"title":"package-lock.json","tooltip":"/package-lock.json","undoManager":{"mark":0,"position":0,"stack":[[{"start":{"row":71,"column":0},"end":{"row":76,"column":0},"action":"insert","lines":["    \"bignumber.js\": {","      \"version\": \"9.0.0\",","      \"resolved\": \"https://registry.npmjs.org/bignumber.js/-/bignumber.js-9.0.0.tgz\",","      \"integrity\": \"sha512-t/OYhhJ2SD+YGBQcjY8GzzDHEk9f3nerxjtfa6tlMXfe7frs/WozhvCNoGvpM0P3bNf3Gq5ZRMlGr5f3r4/N8A==\"","    },",""],"id":2,"ignore":true},{"start":{"row":543,"column":0},"end":{"row":554,"column":0},"action":"insert","lines":["    \"mysql\": {","      \"version\": \"2.18.1\",","      \"resolved\": \"https://registry.npmjs.org/mysql/-/mysql-2.18.1.tgz\",","      \"integrity\": \"sha512-Bca+gk2YWmqp2Uf6k5NFEurwY/0td0cpebAucFpY/3jhrwrVGuxU2uQFCHjU19SJfje0yQvi+rVWdq78hR5lig==\",","      \"requires\": {","        \"bignumber.js\": \"9.0.0\",","        \"readable-stream\": \"2.3.7\",","        \"safe-buffer\": \"5.1.2\",","        \"sqlstring\": \"2.3.1\"","      }","    },",""]},{"start":{"row":860,"column":0},"end":{"row":865,"column":0},"action":"insert","lines":["    \"sqlstring\": {","      \"version\": \"2.3.1\",","      \"resolved\": \"https://registry.npmjs.org/sqlstring/-/sqlstring-2.3.1.tgz\",","      \"integrity\": \"sha1-R1OT/56RR5rqYtyvDKPRSYOn+0A=\"","    },",""]}]]},"ace":{"folds":[],"scrolltop":11379,"scrollleft":0,"selection":{"start":{"row":0,"column":0},"end":{"row":0,"column":0},"isBackwards":false},"options":{"guessTabSize":true,"useWrapMode":false,"wrapToView":true},"firstLineState":{"row":811,"state":"start","mode":"ace/mode/json"}},"timestamp":1588488818841,"hash":"6d14abd99d6cf2ba4d9548f19560939885a144da"}